// !$*UTF8*$!
{
	archiveVersion = 1;
	classes = {
	};
	objectVersion = 50;
	objects = {

/* Begin PBXBuildFile section */
		BD3AE38426B99EBF00C0D8B4 /* AppDelegate.swift in Sources */ = {isa = PBXBuildFile; fileRef = BD3AE38326B99EBF00C0D8B4 /* AppDelegate.swift */; };
		BD3AE38626B99EBF00C0D8B4 /* SceneDelegate.swift in Sources */ = {isa = PBXBuildFile; fileRef = BD3AE38526B99EBF00C0D8B4 /* SceneDelegate.swift */; };
		BD3AE38826B99EBF00C0D8B4 /* ViewController.swift in Sources */ = {isa = PBXBuildFile; fileRef = BD3AE38726B99EBF00C0D8B4 /* ViewController.swift */; };
		BD3AE38B26B99EBF00C0D8B4 /* Main.storyboard in Resources */ = {isa = PBXBuildFile; fileRef = BD3AE38926B99EBF00C0D8B4 /* Main.storyboard */; };
		BD3AE38E26B99EBF00C0D8B4 /* Githhub.xcdatamodeld in Sources */ = {isa = PBXBuildFile; fileRef = BD3AE38C26B99EBF00C0D8B4 /* Githhub.xcdatamodeld */; };
		BD3AE39026B99EC000C0D8B4 /* Assets.xcassets in Resources */ = {isa = PBXBuildFile; fileRef = BD3AE38F26B99EC000C0D8B4 /* Assets.xcassets */; };
		BD3AE39326B99EC000C0D8B4 /* LaunchScreen.storyboard in Resources */ = {isa = PBXBuildFile; fileRef = BD3AE39126B99EC000C0D8B4 /* LaunchScreen.storyboard */; };
		BD3AE39E26B99EC000C0D8B4 /* GithhubTests.swift in Sources */ = {isa = PBXBuildFile; fileRef = BD3AE39D26B99EC000C0D8B4 /* GithhubTests.swift */; };
		BD3AE3A926B99EC000C0D8B4 /* GithhubUITests.swift in Sources */ = {isa = PBXBuildFile; fileRef = BD3AE3A826B99EC000C0D8B4 /* GithhubUITests.swift */; };
/* End PBXBuildFile section */

/* Begin PBXContainerItemProxy section */
		BD3AE39A26B99EC000C0D8B4 /* PBXContainerItemProxy */ = {
			isa = PBXContainerItemProxy;
			containerPortal = BD3AE37826B99EBF00C0D8B4 /* Project object */;
			proxyType = 1;
			remoteGlobalIDString = BD3AE37F26B99EBF00C0D8B4;
			remoteInfo = Githhub;
		};
		BD3AE3A526B99EC000C0D8B4 /* PBXContainerItemProxy */ = {
			isa = PBXContainerItemProxy;
			containerPortal = BD3AE37826B99EBF00C0D8B4 /* Project object */;
			proxyType = 1;
			remoteGlobalIDString = BD3AE37F26B99EBF00C0D8B4;
			remoteInfo = Githhub;
		};
/* End PBXContainerItemProxy section */

/* Begin PBXFileReference section */
		BD3AE38026B99EBF00C0D8B4 /* Githhub.app */ = {isa = PBXFileReference; explicitFileType = wrapper.application; includeInIndex = 0; path = Githhub.app; sourceTree = BUILT_PRODUCTS_DIR; };
		BD3AE38326B99EBF00C0D8B4 /* AppDelegate.swift */ = {isa = PBXFileReference; lastKnownFileType = sourcecode.swift; path = AppDelegate.swift; sourceTree = "<group>"; };
		BD3AE38526B99EBF00C0D8B4 /* SceneDelegate.swift */ = {isa = PBXFileReference; lastKnownFileType = sourcecode.swift; path = SceneDelegate.swift; sourceTree = "<group>"; };
		BD3AE38726B99EBF00C0D8B4 /* ViewController.swift */ = {isa = PBXFileReference; lastKnownFileType = sourcecode.swift; path = ViewController.swift; sourceTree = "<group>"; };
		BD3AE38A26B99EBF00C0D8B4 /* Base */ = {isa = PBXFileReference; lastKnownFileType = file.storyboard; name = Base; path = Base.lproj/Main.storyboard; sourceTree = "<group>"; };
		BD3AE38D26B99EBF00C0D8B4 /* Githhub.xcdatamodel */ = {isa = PBXFileReference; lastKnownFileType = wrapper.xcdatamodel; path = Githhub.xcdatamodel; sourceTree = "<group>"; };
		BD3AE38F26B99EC000C0D8B4 /* Assets.xcassets */ = {isa = PBXFileReference; lastKnownFileType = folder.assetcatalog; path = Assets.xcassets; sourceTree = "<group>"; };
		BD3AE39226B99EC000C0D8B4 /* Base */ = {isa = PBXFileReference; lastKnownFileType = file.storyboard; name = Base; path = Base.lproj/LaunchScreen.storyboard; sourceTree = "<group>"; };
		BD3AE39426B99EC000C0D8B4 /* Info.plist */ = {isa = PBXFileReference; lastKnownFileType = text.plist.xml; path = Info.plist; sourceTree = "<group>"; };
		BD3AE39926B99EC000C0D8B4 /* GithhubTests.xctest */ = {isa = PBXFileReference; explicitFileType = wrapper.cfbundle; includeInIndex = 0; path = GithhubTests.xctest; sourceTree = BUILT_PRODUCTS_DIR; };
		BD3AE39D26B99EC000C0D8B4 /* GithhubTests.swift */ = {isa = PBXFileReference; lastKnownFileType = sourcecode.swift; path = GithhubTests.swift; sourceTree = "<group>"; };
		BD3AE39F26B99EC000C0D8B4 /* Info.plist */ = {isa = PBXFileReference; lastKnownFileType = text.plist.xml; path = Info.plist; sourceTree = "<group>"; };
		BD3AE3A426B99EC000C0D8B4 /* GithhubUITests.xctest */ = {isa = PBXFileReference; explicitFileType = wrapper.cfbundle; includeInIndex = 0; path = GithhubUITests.xctest; sourceTree = BUILT_PRODUCTS_DIR; };
		BD3AE3A826B99EC000C0D8B4 /* GithhubUITests.swift */ = {isa = PBXFileReference; lastKnownFileType = sourcecode.swift; path = GithhubUITests.swift; sourceTree = "<group>"; };
		BD3AE3AA26B99EC000C0D8B4 /* Info.plist */ = {isa = PBXFileReference; lastKnownFileType = text.plist.xml; path = Info.plist; sourceTree = "<group>"; };
/* End PBXFileReference section */

/* Begin PBXFrameworksBuildPhase section */
		BD3AE37D26B99EBF00C0D8B4 /* Frameworks */ = {
			isa = PBXFrameworksBuildPhase;
			buildActionMask = 2147483647;
			files = (
			);
			runOnlyForDeploymentPostprocessing = 0;
		};
		BD3AE39626B99EC000C0D8B4 /* Frameworks */ = {
			isa = PBXFrameworksBuildPhase;
			buildActionMask = 2147483647;
			files = (
			);
			runOnlyForDeploymentPostprocessing = 0;
		};
		BD3AE3A126B99EC000C0D8B4 /* Frameworks */ = {
			isa = PBXFrameworksBuildPhase;
			buildActionMask = 2147483647;
			files = (
			);
			runOnlyForDeploymentPostprocessing = 0;
		};
/* End PBXFrameworksBuildPhase section */

/* Begin PBXGroup section */
		BD3AE37726B99EBF00C0D8B4 = {
			isa = PBXGroup;
			children = (
				BD3AE38226B99EBF00C0D8B4 /* Githhub */,
				BD3AE39C26B99EC000C0D8B4 /* GithhubTests */,
				BD3AE3A726B99EC000C0D8B4 /* GithhubUITests */,
				BD3AE38126B99EBF00C0D8B4 /* Products */,
			);
			sourceTree = "<group>";
		};
		BD3AE38126B99EBF00C0D8B4 /* Products */ = {
			isa = PBXGroup;
			children = (
				BD3AE38026B99EBF00C0D8B4 /* Githhub.app */,
				BD3AE39926B99EC000C0D8B4 /* GithhubTests.xctest */,
				BD3AE3A426B99EC000C0D8B4 /* GithhubUITests.xctest */,
			);
			name = Products;
			sourceTree = "<group>";
		};
		BD3AE38226B99EBF00C0D8B4 /* Githhub */ = {
			isa = PBXGroup;
			children = (
				BD3AE38326B99EBF00C0D8B4 /* AppDelegate.swift */,
				BD3AE38526B99EBF00C0D8B4 /* SceneDelegate.swift */,
				BD3AE38726B99EBF00C0D8B4 /* ViewController.swift */,
				BD3AE38926B99EBF00C0D8B4 /* Main.storyboard */,
				BD3AE38F26B99EC000C0D8B4 /* Assets.xcassets */,
				BD3AE39126B99EC000C0D8B4 /* LaunchScreen.storyboard */,
				BD3AE39426B99EC000C0D8B4 /* Info.plist */,
				BD3AE38C26B99EBF00C0D8B4 /* Githhub.xcdatamodeld */,
			);
			path = Githhub;
			sourceTree = "<group>";
		};
		BD3AE39C26B99EC000C0D8B4 /* GithhubTests */ = {
			isa = PBXGroup;
			children = (
				BD3AE39D26B99EC000C0D8B4 /* GithhubTests.swift */,
				BD3AE39F26B99EC000C0D8B4 /* Info.plist */,
			);
			path = GithhubTests;
			sourceTree = "<group>";
		};
		BD3AE3A726B99EC000C0D8B4 /* GithhubUITests */ = {
			isa = PBXGroup;
			children = (
				BD3AE3A826B99EC000C0D8B4 /* GithhubUITests.swift */,
				BD3AE3AA26B99EC000C0D8B4 /* Info.plist */,
			);
			path = GithhubUITests;
			sourceTree = "<group>";
		};
/* End PBXGroup section */

/* Begin PBXNativeTarget section */
		BD3AE37F26B99EBF00C0D8B4 /* Githhub */ = {
			isa = PBXNativeTarget;
			buildConfigurationList = BD3AE3AD26B99EC000C0D8B4 /* Build configuration list for PBXNativeTarget "Githhub" */;
			buildPhases = (
				BD3AE37C26B99EBF00C0D8B4 /* Sources */,
				BD3AE37D26B99EBF00C0D8B4 /* Frameworks */,
				BD3AE37E26B99EBF00C0D8B4 /* Resources */,
			);
			buildRules = (
			);
			dependencies = (
			);
			name = Githhub;
			productName = Githhub;
			productReference = BD3AE38026B99EBF00C0D8B4 /* Githhub.app */;
			productType = "com.apple.product-type.application";
		};
		BD3AE39826B99EC000C0D8B4 /* GithhubTests */ = {
			isa = PBXNativeTarget;
			buildConfigurationList = BD3AE3B026B99EC000C0D8B4 /* Build configuration list for PBXNativeTarget "GithhubTests" */;
			buildPhases = (
				BD3AE39526B99EC000C0D8B4 /* Sources */,
				BD3AE39626B99EC000C0D8B4 /* Frameworks */,
				BD3AE39726B99EC000C0D8B4 /* Resources */,
			);
			buildRules = (
			);
			dependencies = (
				BD3AE39B26B99EC000C0D8B4 /* PBXTargetDependency */,
			);
			name = GithhubTests;
			productName = GithhubTests;
			productReference = BD3AE39926B99EC000C0D8B4 /* GithhubTests.xctest */;
			productType = "com.apple.product-type.bundle.unit-test";
		};
		BD3AE3A326B99EC000C0D8B4 /* GithhubUITests */ = {
			isa = PBXNativeTarget;
			buildConfigurationList = BD3AE3B326B99EC000C0D8B4 /* Build configuration list for PBXNativeTarget "GithhubUITests" */;
			buildPhases = (
				BD3AE3A026B99EC000C0D8B4 /* Sources */,
				BD3AE3A126B99EC000C0D8B4 /* Frameworks */,
				BD3AE3A226B99EC000C0D8B4 /* Resources */,
			);
			buildRules = (
			);
			dependencies = (
				BD3AE3A626B99EC000C0D8B4 /* PBXTargetDependency */,
			);
			name = GithhubUITests;
			productName = GithhubUITests;
			productReference = BD3AE3A426B99EC000C0D8B4 /* GithhubUITests.xctest */;
			productType = "com.apple.product-type.bundle.ui-testing";
		};
/* End PBXNativeTarget section */

/* Begin PBXProject section */
		BD3AE37826B99EBF00C0D8B4 /* Project object */ = {
			isa = PBXProject;
			attributes = {
				LastSwiftUpdateCheck = 1250;
				LastUpgradeCheck = 1250;
				TargetAttributes = {
					BD3AE37F26B99EBF00C0D8B4 = {
						CreatedOnToolsVersion = 12.5.1;
					};
					BD3AE39826B99EC000C0D8B4 = {
						CreatedOnToolsVersion = 12.5.1;
						TestTargetID = BD3AE37F26B99EBF00C0D8B4;
					};
					BD3AE3A326B99EC000C0D8B4 = {
						CreatedOnToolsVersion = 12.5.1;
						TestTargetID = BD3AE37F26B99EBF00C0D8B4;
					};
				};
			};
			buildConfigurationList = BD3AE37B26B99EBF00C0D8B4 /* Build configuration list for PBXProject "Githhub" */;
			compatibilityVersion = "Xcode 9.3";
			developmentRegion = en;
			hasScannedForEncodings = 0;
			knownRegions = (
				en,
				Base,
			);
			mainGroup = BD3AE37726B99EBF00C0D8B4;
			productRefGroup = BD3AE38126B99EBF00C0D8B4 /* Products */;
			projectDirPath = "";
			projectRoot = "";
			targets = (
				BD3AE37F26B99EBF00C0D8B4 /* Githhub */,
				BD3AE39826B99EC000C0D8B4 /* GithhubTests */,
				BD3AE3A326B99EC000C0D8B4 /* GithhubUITests */,
			);
		};
/* End PBXProject section */

/* Begin PBXResourcesBuildPhase section */
		BD3AE37E26B99EBF00C0D8B4 /* Resources */ = {
			isa = PBXResourcesBuildPhase;
			buildActionMask = 2147483647;
			files = (
				BD3AE39326B99EC000C0D8B4 /* LaunchScreen.storyboard in Resources */,
				BD3AE39026B99EC000C0D8B4 /* Assets.xcassets in Resources */,
				BD3AE38B26B99EBF00C0D8B4 /* Main.storyboard in Resources */,
			);
			runOnlyForDeploymentPostprocessing = 0;
		};
		BD3AE39726B99EC000C0D8B4 /* Resources */ = {
			isa = PBXResourcesBuildPhase;
			buildActionMask = 2147483647;
			files = (
			);
			runOnlyForDeploymentPostprocessing = 0;
		};
		BD3AE3A226B99EC000C0D8B4 /* Resources */ = {
			isa = PBXResourcesBuildPhase;
			buildActionMask = 2147483647;
			files = (
			);
			runOnlyForDeploymentPostprocessing = 0;
		};
/* End PBXResourcesBuildPhase section */

/* Begin PBXSourcesBuildPhase section */
		BD3AE37C26B99EBF00C0D8B4 /* Sources */ = {
			isa = PBXSourcesBuildPhase;
			buildActionMask = 2147483647;
			files = (
				BD3AE38826B99EBF00C0D8B4 /* ViewController.swift in Sources */,
				BD3AE38426B99EBF00C0D8B4 /* AppDelegate.swift in Sources */,
				BD3AE38626B99EBF00C0D8B4 /* SceneDelegate.swift in Sources */,
				BD3AE38E26B99EBF00C0D8B4 /* Githhub.xcdatamodeld in Sources */,
			);
			runOnlyForDeploymentPostprocessing = 0;
		};
		BD3AE39526B99EC000C0D8B4 /* Sources */ = {
			isa = PBXSourcesBuildPhase;
			buildActionMask = 2147483647;
			files = (
				BD3AE39E26B99EC000C0D8B4 /* GithhubTests.swift in Sources */,
			);
			runOnlyForDeploymentPostprocessing = 0;
		};
		BD3AE3A026B99EC000C0D8B4 /* Sources */ = {
			isa = PBXSourcesBuildPhase;
			buildActionMask = 2147483647;
			files = (
				BD3AE3A926B99EC000C0D8B4 /* GithhubUITests.swift in Sources */,
			);
			runOnlyForDeploymentPostprocessing = 0;
		};
/* End PBXSourcesBuildPhase section */

/* Begin PBXTargetDependency section */
		BD3AE39B26B99EC000C0D8B4 /* PBXTargetDependency */ = {
			isa = PBXTargetDependency;
			target = BD3AE37F26B99EBF00C0D8B4 /* Githhub */;
			targetProxy = BD3AE39A26B99EC000C0D8B4 /* PBXContainerItemProxy */;
		};
		BD3AE3A626B99EC000C0D8B4 /* PBXTargetDependency */ = {
			isa = PBXTargetDependency;
			target = BD3AE37F26B99EBF00C0D8B4 /* Githhub */;
			targetProxy = BD3AE3A526B99EC000C0D8B4 /* PBXContainerItemProxy */;
		};
/* End PBXTargetDependency section */

/* Begin PBXVariantGroup section */
		BD3AE38926B99EBF00C0D8B4 /* Main.storyboard */ = {
			isa = PBXVariantGroup;
			children = (
				BD3AE38A26B99EBF00C0D8B4 /* Base */,
			);
			name = Main.storyboard;
			sourceTree = "<group>";
		};
		BD3AE39126B99EC000C0D8B4 /* LaunchScreen.storyboard */ = {
			isa = PBXVariantGroup;
			children = (
				BD3AE39226B99EC000C0D8B4 /* Base */,
			);
			name = LaunchScreen.storyboard;
			sourceTree = "<group>";
		};
/* End PBXVariantGroup section */

/* Begin XCBuildConfiguration section */
		BD3AE3AB26B99EC000C0D8B4 /* Debug */ = {
			isa = XCBuildConfiguration;
			buildSettings = {
				ALWAYS_SEARCH_USER_PATHS = NO;
				CLANG_ANALYZER_NONNULL = YES;
				CLANG_ANALYZER_NUMBER_OBJECT_CONVERSION = YES_AGGRESSIVE;
				CLANG_CXX_LANGUAGE_STANDARD = "gnu++14";
				CLANG_CXX_LIBRARY = "libc++";
				CLANG_ENABLE_MODULES = YES;
				CLANG_ENABLE_OBJC_ARC = YES;
				CLANG_ENABLE_OBJC_WEAK = YES;
				CLANG_WARN_BLOCK_CAPTURE_AUTORELEASING = YES;
				CLANG_WARN_BOOL_CONVERSION = YES;
				CLANG_WARN_COMMA = YES;
				CLANG_WARN_CONSTANT_CONVERSION = YES;
				CLANG_WARN_DEPRECATED_OBJC_IMPLEMENTATIONS = YES;
				CLANG_WARN_DIRECT_OBJC_ISA_USAGE = YES_ERROR;
				CLANG_WARN_DOCUMENTATION_COMMENTS = YES;
				CLANG_WARN_EMPTY_BODY = YES;
				CLANG_WARN_ENUM_CONVERSION = YES;
				CLANG_WARN_INFINITE_RECURSION = YES;
				CLANG_WARN_INT_CONVERSION = YES;
				CLANG_WARN_NON_LITERAL_NULL_CONVERSION = YES;
				CLANG_WARN_OBJC_IMPLICIT_RETAIN_SELF = YES;
				CLANG_WARN_OBJC_LITERAL_CONVERSION = YES;
				CLANG_WARN_OBJC_ROOT_CLASS = YES_ERROR;
				CLANG_WARN_QUOTED_INCLUDE_IN_FRAMEWORK_HEADER = YES;
				CLANG_WARN_RANGE_LOOP_ANALYSIS = YES;
				CLANG_WARN_STRICT_PROTOTYPES = YES;
				CLANG_WARN_SUSPICIOUS_MOVE = YES;
				CLANG_WARN_UNGUARDED_AVAILABILITY = YES_AGGRESSIVE;
				CLANG_WARN_UNREACHABLE_CODE = YES;
				CLANG_WARN__DUPLICATE_METHOD_MATCH = YES;
				COPY_PHASE_STRIP = NO;
				DEBUG_INFORMATION_FORMAT = dwarf;
				ENABLE_STRICT_OBJC_MSGSEND = YES;
				ENABLE_TESTABILITY = YES;
				GCC_C_LANGUAGE_STANDARD = gnu11;
				GCC_DYNAMIC_NO_PIC = NO;
				GCC_NO_COMMON_BLOCKS = YES;
				GCC_OPTIMIZATION_LEVEL = 0;
				GCC_PREPROCESSOR_DEFINITIONS = (
					"DEBUG=1",
					"$(inherited)",
				);
				GCC_WARN_64_TO_32_BIT_CONVERSION = YES;
				GCC_WARN_ABOUT_RETURN_TYPE = YES_ERROR;
				GCC_WARN_UNDECLARED_SELECTOR = YES;
				GCC_WARN_UNINITIALIZED_AUTOS = YES_AGGRESSIVE;
				GCC_WARN_UNUSED_FUNCTION = YES;
				GCC_WARN_UNUSED_VARIABLE = YES;
				IPHONEOS_DEPLOYMENT_TARGET = 14.5;
				MTL_ENABLE_DEBUG_INFO = INCLUDE_SOURCE;
				MTL_FAST_MATH = YES;
				ONLY_ACTIVE_ARCH = YES;
				SDKROOT = iphoneos;
				SWIFT_ACTIVE_COMPILATION_CONDITIONS = DEBUG;
				SWIFT_OPTIMIZATION_LEVEL = "-Onone";
			};
			name = Debug;
		};
		BD3AE3AC26B99EC000C0D8B4 /* Release */ = {
			isa = XCBuildConfiguration;
			buildSettings = {
				ALWAYS_SEARCH_USER_PATHS = NO;
				CLANG_ANALYZER_NONNULL = YES;
				CLANG_ANALYZER_NUMBER_OBJECT_CONVERSION = YES_AGGRESSIVE;
				CLANG_CXX_LANGUAGE_STANDARD = "gnu++14";
				CLANG_CXX_LIBRARY = "libc++";
				CLANG_ENABLE_MODULES = YES;
				CLANG_ENABLE_OBJC_ARC = YES;
				CLANG_ENABLE_OBJC_WEAK = YES;
				CLANG_WARN_BLOCK_CAPTURE_AUTORELEASING = YES;
				CLANG_WARN_BOOL_CONVERSION = YES;
				CLANG_WARN_COMMA = YES;
				CLANG_WARN_CONSTANT_CONVERSION = YES;
				CLANG_WARN_DEPRECATED_OBJC_IMPLEMENTATIONS = YES;
				CLANG_WARN_DIRECT_OBJC_ISA_USAGE = YES_ERROR;
				CLANG_WARN_DOCUMENTATION_COMMENTS = YES;
				CLANG_WARN_EMPTY_BODY = YES;
				CLANG_WARN_ENUM_CONVERSION = YES;
				CLANG_WARN_INFINITE_RECURSION = YES;
				CLANG_WARN_INT_CONVERSION = YES;
				CLANG_WARN_NON_LITERAL_NULL_CONVERSION = YES;
				CLANG_WARN_OBJC_IMPLICIT_RETAIN_SELF = YES;
				CLANG_WARN_OBJC_LITERAL_CONVERSION = YES;
				CLANG_WARN_OBJC_ROOT_CLASS = YES_ERROR;
				CLANG_WARN_QUOTED_INCLUDE_IN_FRAMEWORK_HEADER = YES;
				CLANG_WARN_RANGE_LOOP_ANALYSIS = YES;
				CLANG_WARN_STRICT_PROTOTYPES = YES;
				CLANG_WARN_SUSPICIOUS_MOVE = YES;
				CLANG_WARN_UNGUARDED_AVAILABILITY = YES_AGGRESSIVE;
				CLANG_WARN_UNREACHABLE_CODE = YES;
				CLANG_WARN__DUPLICATE_METHOD_MATCH = YES;
				COPY_PHASE_STRIP = NO;
				DEBUG_INFORMATION_FORMAT = "dwarf-with-dsym";
				ENABLE_NS_ASSERTIONS = NO;
				ENABLE_STRICT_OBJC_MSGSEND = YES;
				GCC_C_LANGUAGE_STANDARD = gnu11;
				GCC_NO_COMMON_BLOCKS = YES;
				GCC_WARN_64_TO_32_BIT_CONVERSION = YES;
				GCC_WARN_ABOUT_RETURN_TYPE = YES_ERROR;
				GCC_WARN_UNDECLARED_SELECTOR = YES;
				GCC_WARN_UNINITIALIZED_AUTOS = YES_AGGRESSIVE;
				GCC_WARN_UNUSED_FUNCTION = YES;
				GCC_WARN_UNUSED_VARIABLE = YES;
				IPHONEOS_DEPLOYMENT_TARGET = 14.5;
				MTL_ENABLE_DEBUG_INFO = NO;
				MTL_FAST_MATH = YES;
				SDKROOT = iphoneos;
				SWIFT_COMPILATION_MODE = wholemodule;
				SWIFT_OPTIMIZATION_LEVEL = "-O";
				VALIDATE_PRODUCT = YES;
			};
			name = Release;
		};
		BD3AE3AE26B99EC000C0D8B4 /* Debug */ = {
			isa = XCBuildConfiguration;
			buildSettings = {
				ASSETCATALOG_COMPILER_APPICON_NAME = AppIcon;
				ASSETCATALOG_COMPILER_GLOBAL_ACCENT_COLOR_NAME = AccentColor;
				CODE_SIGN_STYLE = Automatic;
				INFOPLIST_FILE = Githhub/Info.plist;
				LD_RUNPATH_SEARCH_PATHS = (
					"$(inherited)",
					"@executable_path/Frameworks",
				);
				PRODUCT_BUNDLE_IDENTIFIER = KWK.Githhub;
				PRODUCT_NAME = "$(TARGET_NAME)";
				SWIFT_VERSION = 5.0;
				TARGETED_DEVICE_FAMILY = "1,2";
			};
			name = Debug;
		};
		BD3AE3AF26B99EC000C0D8B4 /* Release */ = {
			isa = XCBuildConfiguration;
			buildSettings = {
				ASSETCATALOG_COMPILER_APPICON_NAME = AppIcon;
				ASSETCATALOG_COMPILER_GLOBAL_ACCENT_COLOR_NAME = AccentColor;
				CODE_SIGN_STYLE = Automatic;
				INFOPLIST_FILE = Githhub/Info.plist;
				LD_RUNPATH_SEARCH_PATHS = (
					"$(inherited)",
					"@executable_path/Frameworks",
				);
				PRODUCT_BUNDLE_IDENTIFIER = KWK.Githhub;
				PRODUCT_NAME = "$(TARGET_NAME)";
				SWIFT_VERSION = 5.0;
				TARGETED_DEVICE_FAMILY = "1,2";
			};
			name = Release;
		};
		BD3AE3B126B99EC000C0D8B4 /* Debug */ = {
			isa = XCBuildConfiguration;
			buildSettings = {
				ALWAYS_EMBED_SWIFT_STANDARD_LIBRARIES = YES;
				BUNDLE_LOADER = "$(TEST_HOST)";
				CODE_SIGN_STYLE = Automatic;
				INFOPLIST_FILE = GithhubTests/Info.plist;
				IPHONEOS_DEPLOYMENT_TARGET = 14.5;
				LD_RUNPATH_SEARCH_PATHS = (
					"$(inherited)",
					"@executable_path/Frameworks",
					"@loader_path/Frameworks",
				);
				PRODUCT_BUNDLE_IDENTIFIER = KWK.GithhubTests;
				PRODUCT_NAME = "$(TARGET_NAME)";
				SWIFT_VERSION = 5.0;
				TARGETED_DEVICE_FAMILY = "1,2";
				TEST_HOST = "$(BUILT_PRODUCTS_DIR)/Githhub.app/Githhub";
			};
			name = Debug;
		};
		BD3AE3B226B99EC000C0D8B4 /* Release */ = {
			isa = XCBuildConfiguration;
			buildSettings = {
				ALWAYS_EMBED_SWIFT_STANDARD_LIBRARIES = YES;
				BUNDLE_LOADER = "$(TEST_HOST)";
				CODE_SIGN_STYLE = Automatic;
				INFOPLIST_FILE = GithhubTests/Info.plist;
				IPHONEOS_DEPLOYMENT_TARGET = 14.5;
				LD_RUNPATH_SEARCH_PATHS = (
					"$(inherited)",
					"@executable_path/Frameworks",
					"@loader_path/Frameworks",
				);
				PRODUCT_BUNDLE_IDENTIFIER = KWK.GithhubTests;
				PRODUCT_NAME = "$(TARGET_NAME)";
				SWIFT_VERSION = 5.0;
				TARGETED_DEVICE_FAMILY = "1,2";
				TEST_HOST = "$(BUILT_PRODUCTS_DIR)/Githhub.app/Githhub";
			};
			name = Release;
		};
		BD3AE3B426B99EC000C0D8B4 /* Debug */ = {
			isa = XCBuildConfiguration;
			buildSettings = {
				ALWAYS_EMBED_SWIFT_STANDARD_LIBRARIES = YES;
				CODE_SIGN_STYLE = Automatic;
				INFOPLIST_FILE = GithhubUITests/Info.plist;
				LD_RUNPATH_SEARCH_PATHS = (
					"$(inherited)",
					"@executable_path/Frameworks",
					"@loader_path/Frameworks",
				);
				PRODUCT_BUNDLE_IDENTIFIER = KWK.GithhubUITests;
				PRODUCT_NAME = "$(TARGET_NAME)";
				SWIFT_VERSION = 5.0;
				TARGETED_DEVICE_FAMILY = "1,2";
				TEST_TARGET_NAME = Githhub;
			};
			name = Debug;
		};
		BD3AE3B526B99EC000C0D8B4 /* Release */ = {
			isa = XCBuildConfiguration;
			buildSettings = {
				ALWAYS_EMBED_SWIFT_STANDARD_LIBRARIES = YES;
				CODE_SIGN_STYLE = Automatic;
				INFOPLIST_FILE = GithhubUITests/Info.plist;
				LD_RUNPATH_SEARCH_PATHS = (
					"$(inherited)",
					"@executable_path/Frameworks",
					"@loader_path/Frameworks",
				);
				PRODUCT_BUNDLE_IDENTIFIER = KWK.GithhubUITests;
				PRODUCT_NAME = "$(TARGET_NAME)";
				SWIFT_VERSION = 5.0;
				TARGETED_DEVICE_FAMILY = "1,2";
				TEST_TARGET_NAME = Githhub;
			};
			name = Release;
		};
/* End XCBuildConfiguration section */

/* Begin XCConfigurationList section */
		BD3AE37B26B99EBF00C0D8B4 /* Build configuration list for PBXProject "Githhub" */ = {
			isa = XCConfigurationList;
			buildConfigurations = (
				BD3AE3AB26B99EC000C0D8B4 /* Debug */,
				BD3AE3AC26B99EC000C0D8B4 /* Release */,
			);
			defaultConfigurationIsVisible = 0;
			defaultConfigurationName = Release;
		};
		BD3AE3AD26B99EC000C0D8B4 /* Build configuration list for PBXNativeTarget "Githhub" */ = {
			isa = XCConfigurationList;
			buildConfigurations = (
				BD3AE3AE26B99EC000C0D8B4 /* Debug */,
				BD3AE3AF26B99EC000C0D8B4 /* Release */,
			);
			defaultConfigurationIsVisible = 0;
			defaultConfigurationName = Release;
		};
		BD3AE3B026B99EC000C0D8B4 /* Build configuration list for PBXNativeTarget "GithhubTests" */ = {
			isa = XCConfigurationList;
			buildConfigurations = (
				BD3AE3B126B99EC000C0D8B4 /* Debug */,
				BD3AE3B226B99EC000C0D8B4 /* Release */,
			);
			defaultConfigurationIsVisible = 0;
			defaultConfigurationName = Release;
		};
		BD3AE3B326B99EC000C0D8B4 /* Build configuration list for PBXNativeTarget "GithhubUITests" */ = {
			isa = XCConfigurationList;
			buildConfigurations = (
				BD3AE3B426B99EC000C0D8B4 /* Debug */,
				BD3AE3B526B99EC000C0D8B4 /* Release */,
			);
			defaultConfigurationIsVisible = 0;
			defaultConfigurationName = Release;
		};
/* End XCConfigurationList section */

/* Begin XCVersionGroup section */
		BD3AE38C26B99EBF00C0D8B4 /* Githhub.xcdatamodeld */ = {
			isa = XCVersionGroup;
			children = (
				BD3AE38D26B99EBF00C0D8B4 /* Githhub.xcdatamodel */,
			);
			currentVersion = BD3AE38D26B99EBF00C0D8B4 /* Githhub.xcdatamodel */;
			path = Githhub.xcdatamodeld;
			sourceTree = "<group>";
			versionGroupType = wrapper.xcdatamodel;
		};
/* End XCVersionGroup section */
	};
	rootObject = BD3AE37826B99EBF00C0D8B4 /* Project object */;
}
